// !$*UTF8*$!
{
	archiveVersion = 1;
	classes = {
	};
	objectVersion = 51;
	objects = {

/* Begin PBXBuildFile section */
		0DFC9B805774A783EE40068F /* Pods_JsonToModel.framework in Frameworks */ = {isa = PBXBuildFile; fileRef = 6CF827A017EE0844F5760F1F /* Pods_JsonToModel.framework */; };
		1700011E242922E000C94610 /* Templates.swift in Sources */ = {isa = PBXBuildFile; fileRef = 1700011D242922E000C94610 /* Templates.swift */; };
		170A1AD62424D1AA004B792D /* TemplateConverter.swift in Sources */ = {isa = PBXBuildFile; fileRef = 170A1AD52424D1AA004B792D /* TemplateConverter.swift */; };
		1739929E242E442B000F8432 /* HelpVC.swift in Sources */ = {isa = PBXBuildFile; fileRef = 1739929D242E442B000F8432 /* HelpVC.swift */; };
		1744AEBC2192BE110068F930 /* Extentions.swift in Sources */ = {isa = PBXBuildFile; fileRef = 1744AEBB2192BE110068F930 /* Extentions.swift */; };
		1763655C219303230083A69B /* Highlighter.swift in Sources */ = {isa = PBXBuildFile; fileRef = 1763655B219303220083A69B /* Highlighter.swift */; };
		178DAAC1242B528D006379BA /* TemplateData.txt in Resources */ = {isa = PBXBuildFile; fileRef = 178DAABF242B4E1E006379BA /* TemplateData.txt */; };
		179541DF242B9B2800BB7CB9 /* NewTemplateVC.swift in Sources */ = {isa = PBXBuildFile; fileRef = 179541DE242B9B2800BB7CB9 /* NewTemplateVC.swift */; };
		17BA1DEA219056A900E644E0 /* AppDelegate.swift in Sources */ = {isa = PBXBuildFile; fileRef = 17BA1DE9219056A900E644E0 /* AppDelegate.swift */; };
		17BA1DEC219056A900E644E0 /* ViewController.swift in Sources */ = {isa = PBXBuildFile; fileRef = 17BA1DEB219056A900E644E0 /* ViewController.swift */; };
		17BA1DEE219056AA00E644E0 /* Assets.xcassets in Resources */ = {isa = PBXBuildFile; fileRef = 17BA1DED219056AA00E644E0 /* Assets.xcassets */; };
		17BA1DF1219056AA00E644E0 /* Main.storyboard in Resources */ = {isa = PBXBuildFile; fileRef = 17BA1DEF219056AA00E644E0 /* Main.storyboard */; };
		17EEADFF242BB545009A3BDC /* LocalData.swift in Sources */ = {isa = PBXBuildFile; fileRef = 17EEADFE242BB545009A3BDC /* LocalData.swift */; };
		17EEAE01242BB8CA009A3BDC /* Language.swift in Sources */ = {isa = PBXBuildFile; fileRef = 17EEAE00242BB8CA009A3BDC /* Language.swift */; };
/* End PBXBuildFile section */

/* Begin PBXFileReference section */
		1700011D242922E000C94610 /* Templates.swift */ = {isa = PBXFileReference; lastKnownFileType = sourcecode.swift; path = Templates.swift; sourceTree = "<group>"; };
		170A1AD52424D1AA004B792D /* TemplateConverter.swift */ = {isa = PBXFileReference; lastKnownFileType = sourcecode.swift; path = TemplateConverter.swift; sourceTree = "<group>"; };
		1739929D242E442B000F8432 /* HelpVC.swift */ = {isa = PBXFileReference; lastKnownFileType = sourcecode.swift; path = HelpVC.swift; sourceTree = "<group>"; };
		1744AEBB2192BE110068F930 /* Extentions.swift */ = {isa = PBXFileReference; lastKnownFileType = sourcecode.swift; path = Extentions.swift; sourceTree = "<group>"; };
		1763655B219303220083A69B /* Highlighter.swift */ = {isa = PBXFileReference; lastKnownFileType = sourcecode.swift; path = Highlighter.swift; sourceTree = "<group>"; };
		178DAABF242B4E1E006379BA /* TemplateData.txt */ = {isa = PBXFileReference; lastKnownFileType = text; path = TemplateData.txt; sourceTree = "<group>"; };
		179541DE242B9B2800BB7CB9 /* NewTemplateVC.swift */ = {isa = PBXFileReference; lastKnownFileType = sourcecode.swift; path = NewTemplateVC.swift; sourceTree = "<group>"; };
		17BA1DE6219056A900E644E0 /* JsonToModel.app */ = {isa = PBXFileReference; explicitFileType = wrapper.application; includeInIndex = 0; path = JsonToModel.app; sourceTree = BUILT_PRODUCTS_DIR; };
		17BA1DE9219056A900E644E0 /* AppDelegate.swift */ = {isa = PBXFileReference; lastKnownFileType = sourcecode.swift; path = AppDelegate.swift; sourceTree = "<group>"; };
		17BA1DEB219056A900E644E0 /* ViewController.swift */ = {isa = PBXFileReference; lastKnownFileType = sourcecode.swift; path = ViewController.swift; sourceTree = "<group>"; };
		17BA1DED219056AA00E644E0 /* Assets.xcassets */ = {isa = PBXFileReference; lastKnownFileType = folder.assetcatalog; path = Assets.xcassets; sourceTree = "<group>"; };
		17BA1DF0219056AA00E644E0 /* Base */ = {isa = PBXFileReference; lastKnownFileType = file.storyboard; name = Base; path = Base.lproj/Main.storyboard; sourceTree = "<group>"; };
		17BA1DF2219056AA00E644E0 /* Info.plist */ = {isa = PBXFileReference; lastKnownFileType = text.plist.xml; path = Info.plist; sourceTree = "<group>"; };
		17BA1DF3219056AA00E644E0 /* JsonToModel.entitlements */ = {isa = PBXFileReference; lastKnownFileType = text.plist.entitlements; path = JsonToModel.entitlements; sourceTree = "<group>"; };
		17CD56BD241F92CB00776A80 /* README.md */ = {isa = PBXFileReference; lastKnownFileType = net.daringfireball.markdown; path = README.md; sourceTree = "<group>"; xcLanguageSpecificationIdentifier = xcode.lang.markdown; };
		17EEADFE242BB545009A3BDC /* LocalData.swift */ = {isa = PBXFileReference; lastKnownFileType = sourcecode.swift; path = LocalData.swift; sourceTree = "<group>"; };
		17EEAE00242BB8CA009A3BDC /* Language.swift */ = {isa = PBXFileReference; lastKnownFileType = sourcecode.swift; path = Language.swift; sourceTree = "<group>"; };
		2AA5C53F61C6B921DC59F4AF /* Pods-JsonToModel.release.xcconfig */ = {isa = PBXFileReference; includeInIndex = 1; lastKnownFileType = text.xcconfig; name = "Pods-JsonToModel.release.xcconfig"; path = "Pods/Target Support Files/Pods-JsonToModel/Pods-JsonToModel.release.xcconfig"; sourceTree = "<group>"; };
		6CF827A017EE0844F5760F1F /* Pods_JsonToModel.framework */ = {isa = PBXFileReference; explicitFileType = wrapper.framework; includeInIndex = 0; path = Pods_JsonToModel.framework; sourceTree = BUILT_PRODUCTS_DIR; };
		A53E13A4D83DFC98E483C379 /* Pods-JsonToModel.debug.xcconfig */ = {isa = PBXFileReference; includeInIndex = 1; lastKnownFileType = text.xcconfig; name = "Pods-JsonToModel.debug.xcconfig"; path = "Pods/Target Support Files/Pods-JsonToModel/Pods-JsonToModel.debug.xcconfig"; sourceTree = "<group>"; };
/* End PBXFileReference section */

/* Begin PBXFrameworksBuildPhase section */
		17BA1DE3219056A900E644E0 /* Frameworks */ = {
			isa = PBXFrameworksBuildPhase;
			buildActionMask = 2147483647;
			files = (
				0DFC9B805774A783EE40068F /* Pods_JsonToModel.framework in Frameworks */,
			);
			runOnlyForDeploymentPostprocessing = 0;
		};
/* End PBXFrameworksBuildPhase section */

/* Begin PBXGroup section */
		17BA1DDD219056A800E644E0 = {
			isa = PBXGroup;
			children = (
				17CD56BD241F92CB00776A80 /* README.md */,
				17BA1DE8219056A900E644E0 /* JsonToModel */,
				17BA1DE7219056A900E644E0 /* Products */,
				645BAE70CF65EFBF83310160 /* Pods */,
				AD9DCF7F99649F37AFA45F9B /* Frameworks */,
			);
			sourceTree = "<group>";
		};
		17BA1DE7219056A900E644E0 /* Products */ = {
			isa = PBXGroup;
			children = (
				17BA1DE6219056A900E644E0 /* JsonToModel.app */,
			);
			name = Products;
			sourceTree = "<group>";
		};
		17BA1DE8219056A900E644E0 /* JsonToModel */ = {
			isa = PBXGroup;
			children = (
				17FBA7592196B3C100CFFB52 /* Supporting */,
				17FBA75A2196B3D500CFFB52 /* Converter */,
				17FBA7582196B3B000CFFB52 /* ViewControllers */,
				17BA1DED219056AA00E644E0 /* Assets.xcassets */,
				17BA1DEF219056AA00E644E0 /* Main.storyboard */,
				17BA1DE9219056A900E644E0 /* AppDelegate.swift */,
				17EEADFE242BB545009A3BDC /* LocalData.swift */,
			);
			path = JsonToModel;
			sourceTree = "<group>";
		};
		17FBA7582196B3B000CFFB52 /* ViewControllers */ = {
			isa = PBXGroup;
			children = (
				17BA1DEB219056A900E644E0 /* ViewController.swift */,
				179541DE242B9B2800BB7CB9 /* NewTemplateVC.swift */,
				1739929D242E442B000F8432 /* HelpVC.swift */,
			);
			path = ViewControllers;
			sourceTree = "<group>";
		};
		17FBA7592196B3C100CFFB52 /* Supporting */ = {
			isa = PBXGroup;
			children = (
				17BA1DF2219056AA00E644E0 /* Info.plist */,
				17BA1DF3219056AA00E644E0 /* JsonToModel.entitlements */,
				178DAABF242B4E1E006379BA /* TemplateData.txt */,
			);
			path = Supporting;
			sourceTree = "<group>";
		};
		17FBA75A2196B3D500CFFB52 /* Converter */ = {
			isa = PBXGroup;
			children = (
				1744AEBB2192BE110068F930 /* Extentions.swift */,
				1763655B219303220083A69B /* Highlighter.swift */,
				17EEAE00242BB8CA009A3BDC /* Language.swift */,
				1700011D242922E000C94610 /* Templates.swift */,
				170A1AD52424D1AA004B792D /* TemplateConverter.swift */,
			);
			path = Converter;
			sourceTree = "<group>";
		};
		645BAE70CF65EFBF83310160 /* Pods */ = {
			isa = PBXGroup;
			children = (
				A53E13A4D83DFC98E483C379 /* Pods-JsonToModel.debug.xcconfig */,
				2AA5C53F61C6B921DC59F4AF /* Pods-JsonToModel.release.xcconfig */,
			);
			name = Pods;
			sourceTree = "<group>";
		};
		AD9DCF7F99649F37AFA45F9B /* Frameworks */ = {
			isa = PBXGroup;
			children = (
				6CF827A017EE0844F5760F1F /* Pods_JsonToModel.framework */,
			);
			name = Frameworks;
			sourceTree = "<group>";
		};
/* End PBXGroup section */

/* Begin PBXNativeTarget section */
		17BA1DE5219056A900E644E0 /* JsonToModel */ = {
			isa = PBXNativeTarget;
			buildConfigurationList = 17BA1DF6219056AA00E644E0 /* Build configuration list for PBXNativeTarget "JsonToModel" */;
			buildPhases = (
				2E7E9B12F23EDD5BF31314F3 /* [CP] Check Pods Manifest.lock */,
				17BA1DE2219056A900E644E0 /* Sources */,
				17BA1DE3219056A900E644E0 /* Frameworks */,
				17BA1DE4219056A900E644E0 /* Resources */,
				FBDCA7E463B42596B535029A /* [CP] Embed Pods Frameworks */,
			);
			buildRules = (
			);
			dependencies = (
			);
			name = JsonToModel;
			productName = JsonToModel;
			productReference = 17BA1DE6219056A900E644E0 /* JsonToModel.app */;
			productType = "com.apple.product-type.application";
		};
/* End PBXNativeTarget section */

/* Begin PBXProject section */
		17BA1DDE219056A800E644E0 /* Project object */ = {
			isa = PBXProject;
			attributes = {
				LastSwiftUpdateCheck = 1010;
				LastUpgradeCheck = 1010;
				ORGANIZATIONNAME = Chandan;
				TargetAttributes = {
					17BA1DE5219056A900E644E0 = {
						CreatedOnToolsVersion = 10.1;
					};
				};
			};
			buildConfigurationList = 17BA1DE1219056A800E644E0 /* Build configuration list for PBXProject "JsonToModel" */;
			compatibilityVersion = "Xcode 9.3";
			developmentRegion = en;
			hasScannedForEncodings = 0;
			knownRegions = (
				en,
				Base,
			);
			mainGroup = 17BA1DDD219056A800E644E0;
			productRefGroup = 17BA1DE7219056A900E644E0 /* Products */;
			projectDirPath = "";
			projectRoot = "";
			targets = (
				17BA1DE5219056A900E644E0 /* JsonToModel */,
			);
		};
/* End PBXProject section */

/* Begin PBXResourcesBuildPhase section */
		17BA1DE4219056A900E644E0 /* Resources */ = {
			isa = PBXResourcesBuildPhase;
			buildActionMask = 2147483647;
			files = (
				178DAAC1242B528D006379BA /* TemplateData.txt in Resources */,
				17BA1DEE219056AA00E644E0 /* Assets.xcassets in Resources */,
				17BA1DF1219056AA00E644E0 /* Main.storyboard in Resources */,
			);
			runOnlyForDeploymentPostprocessing = 0;
		};
/* End PBXResourcesBuildPhase section */

/* Begin PBXShellScriptBuildPhase section */
		2E7E9B12F23EDD5BF31314F3 /* [CP] Check Pods Manifest.lock */ = {
			isa = PBXShellScriptBuildPhase;
			buildActionMask = 2147483647;
			files = (
			);
			inputPaths = (
				"${PODS_PODFILE_DIR_PATH}/Podfile.lock",
				"${PODS_ROOT}/Manifest.lock",
			);
			name = "[CP] Check Pods Manifest.lock";
			outputPaths = (
				"$(DERIVED_FILE_DIR)/Pods-JsonToModel-checkManifestLockResult.txt",
			);
			runOnlyForDeploymentPostprocessing = 0;
			shellPath = /bin/sh;
			shellScript = "diff \"${PODS_PODFILE_DIR_PATH}/Podfile.lock\" \"${PODS_ROOT}/Manifest.lock\" > /dev/null\nif [ $? != 0 ] ; then\n    # print error to STDERR\n    echo \"error: The sandbox is not in sync with the Podfile.lock. Run 'pod install' or update your CocoaPods installation.\" >&2\n    exit 1\nfi\n# This output is used by Xcode 'outputs' to avoid re-running this script phase.\necho \"SUCCESS\" > \"${SCRIPT_OUTPUT_FILE_0}\"\n";
			showEnvVarsInLog = 0;
		};
		FBDCA7E463B42596B535029A /* [CP] Embed Pods Frameworks */ = {
			isa = PBXShellScriptBuildPhase;
			buildActionMask = 2147483647;
			files = (
			);
			inputFileListPaths = (
				"${PODS_ROOT}/Target Support Files/Pods-JsonToModel/Pods-JsonToModel-frameworks-${CONFIGURATION}-input-files.xcfilelist",
			);
			name = "[CP] Embed Pods Frameworks";
			outputFileListPaths = (
				"${PODS_ROOT}/Target Support Files/Pods-JsonToModel/Pods-JsonToModel-frameworks-${CONFIGURATION}-output-files.xcfilelist",
			);
			runOnlyForDeploymentPostprocessing = 0;
			shellPath = /bin/sh;
			shellScript = "\"${PODS_ROOT}/Target Support Files/Pods-JsonToModel/Pods-JsonToModel-frameworks.sh\"\n";
			showEnvVarsInLog = 0;
		};
/* End PBXShellScriptBuildPhase section */

/* Begin PBXSourcesBuildPhase section */
		17BA1DE2219056A900E644E0 /* Sources */ = {
			isa = PBXSourcesBuildPhase;
			buildActionMask = 2147483647;
			files = (
				17BA1DEC219056A900E644E0 /* ViewController.swift in Sources */,
				1739929E242E442B000F8432 /* HelpVC.swift in Sources */,
				1763655C219303230083A69B /* Highlighter.swift in Sources */,
				17BA1DEA219056A900E644E0 /* AppDelegate.swift in Sources */,
				17EEAE01242BB8CA009A3BDC /* Language.swift in Sources */,
				1700011E242922E000C94610 /* Templates.swift in Sources */,
				170A1AD62424D1AA004B792D /* TemplateConverter.swift in Sources */,
				1744AEBC2192BE110068F930 /* Extentions.swift in Sources */,
				179541DF242B9B2800BB7CB9 /* NewTemplateVC.swift in Sources */,
				17EEADFF242BB545009A3BDC /* LocalData.swift in Sources */,
			);
			runOnlyForDeploymentPostprocessing = 0;
		};
/* End PBXSourcesBuildPhase section */

/* Begin PBXVariantGroup section */
		17BA1DEF219056AA00E644E0 /* Main.storyboard */ = {
			isa = PBXVariantGroup;
			children = (
				17BA1DF0219056AA00E644E0 /* Base */,
			);
			name = Main.storyboard;
			sourceTree = "<group>";
		};
/* End PBXVariantGroup section */

/* Begin XCBuildConfiguration section */
		17BA1DF4219056AA00E644E0 /* Debug */ = {
			isa = XCBuildConfiguration;
			buildSettings = {
				ALWAYS_SEARCH_USER_PATHS = NO;
				CLANG_ANALYZER_NONNULL = YES;
				CLANG_ANALYZER_NUMBER_OBJECT_CONVERSION = YES_AGGRESSIVE;
				CLANG_CXX_LANGUAGE_STANDARD = "gnu++14";
				CLANG_CXX_LIBRARY = "libc++";
				CLANG_ENABLE_MODULES = YES;
				CLANG_ENABLE_OBJC_ARC = YES;
				CLANG_ENABLE_OBJC_WEAK = YES;
				CLANG_WARN_BLOCK_CAPTURE_AUTORELEASING = YES;
				CLANG_WARN_BOOL_CONVERSION = YES;
				CLANG_WARN_COMMA = YES;
				CLANG_WARN_CONSTANT_CONVERSION = YES;
				CLANG_WARN_DEPRECATED_OBJC_IMPLEMENTATIONS = YES;
				CLANG_WARN_DIRECT_OBJC_ISA_USAGE = YES_ERROR;
				CLANG_WARN_DOCUMENTATION_COMMENTS = YES;
				CLANG_WARN_EMPTY_BODY = YES;
				CLANG_WARN_ENUM_CONVERSION = YES;
				CLANG_WARN_INFINITE_RECURSION = YES;
				CLANG_WARN_INT_CONVERSION = YES;
				CLANG_WARN_NON_LITERAL_NULL_CONVERSION = YES;
				CLANG_WARN_OBJC_IMPLICIT_RETAIN_SELF = YES;
				CLANG_WARN_OBJC_LITERAL_CONVERSION = YES;
				CLANG_WARN_OBJC_ROOT_CLASS = YES_ERROR;
				CLANG_WARN_RANGE_LOOP_ANALYSIS = YES;
				CLANG_WARN_STRICT_PROTOTYPES = YES;
				CLANG_WARN_SUSPICIOUS_MOVE = YES;
				CLANG_WARN_UNGUARDED_AVAILABILITY = YES_AGGRESSIVE;
				CLANG_WARN_UNREACHABLE_CODE = YES;
				CLANG_WARN__DUPLICATE_METHOD_MATCH = YES;
				CODE_SIGN_IDENTITY = "-";
				COPY_PHASE_STRIP = NO;
				DEBUG_INFORMATION_FORMAT = dwarf;
				ENABLE_STRICT_OBJC_MSGSEND = YES;
				ENABLE_TESTABILITY = YES;
				GCC_C_LANGUAGE_STANDARD = gnu11;
				GCC_DYNAMIC_NO_PIC = NO;
				GCC_NO_COMMON_BLOCKS = YES;
				GCC_OPTIMIZATION_LEVEL = 0;
				GCC_PREPROCESSOR_DEFINITIONS = (
					"DEBUG=1",
					"$(inherited)",
				);
				GCC_WARN_64_TO_32_BIT_CONVERSION = YES;
				GCC_WARN_ABOUT_RETURN_TYPE = YES_ERROR;
				GCC_WARN_UNDECLARED_SELECTOR = YES;
				GCC_WARN_UNINITIALIZED_AUTOS = YES_AGGRESSIVE;
				GCC_WARN_UNUSED_FUNCTION = YES;
				GCC_WARN_UNUSED_VARIABLE = YES;
				MACOSX_DEPLOYMENT_TARGET = 10.14;
				MTL_ENABLE_DEBUG_INFO = INCLUDE_SOURCE;
				MTL_FAST_MATH = YES;
				ONLY_ACTIVE_ARCH = YES;
				SDKROOT = macosx;
				SWIFT_ACTIVE_COMPILATION_CONDITIONS = DEBUG;
				SWIFT_OPTIMIZATION_LEVEL = "-Onone";
			};
			name = Debug;
		};
		17BA1DF5219056AA00E644E0 /* Release */ = {
			isa = XCBuildConfiguration;
			buildSettings = {
				ALWAYS_SEARCH_USER_PATHS = NO;
				CLANG_ANALYZER_NONNULL = YES;
				CLANG_ANALYZER_NUMBER_OBJECT_CONVERSION = YES_AGGRESSIVE;
				CLANG_CXX_LANGUAGE_STANDARD = "gnu++14";
				CLANG_CXX_LIBRARY = "libc++";
				CLANG_ENABLE_MODULES = YES;
				CLANG_ENABLE_OBJC_ARC = YES;
				CLANG_ENABLE_OBJC_WEAK = YES;
				CLANG_WARN_BLOCK_CAPTURE_AUTORELEASING = YES;
				CLANG_WARN_BOOL_CONVERSION = YES;
				CLANG_WARN_COMMA = YES;
				CLANG_WARN_CONSTANT_CONVERSION = YES;
				CLANG_WARN_DEPRECATED_OBJC_IMPLEMENTATIONS = YES;
				CLANG_WARN_DIRECT_OBJC_ISA_USAGE = YES_ERROR;
				CLANG_WARN_DOCUMENTATION_COMMENTS = YES;
				CLANG_WARN_EMPTY_BODY = YES;
				CLANG_WARN_ENUM_CONVERSION = YES;
				CLANG_WARN_INFINITE_RECURSION = YES;
				CLANG_WARN_INT_CONVERSION = YES;
				CLANG_WARN_NON_LITERAL_NULL_CONVERSION = YES;
				CLANG_WARN_OBJC_IMPLICIT_RETAIN_SELF = YES;
				CLANG_WARN_OBJC_LITERAL_CONVERSION = YES;
				CLANG_WARN_OBJC_ROOT_CLASS = YES_ERROR;
				CLANG_WARN_RANGE_LOOP_ANALYSIS = YES;
				CLANG_WARN_STRICT_PROTOTYPES = YES;
				CLANG_WARN_SUSPICIOUS_MOVE = YES;
				CLANG_WARN_UNGUARDED_AVAILABILITY = YES_AGGRESSIVE;
				CLANG_WARN_UNREACHABLE_CODE = YES;
				CLANG_WARN__DUPLICATE_METHOD_MATCH = YES;
				CODE_SIGN_IDENTITY = "-";
				COPY_PHASE_STRIP = NO;
				DEBUG_INFORMATION_FORMAT = "dwarf-with-dsym";
				ENABLE_NS_ASSERTIONS = NO;
				ENABLE_STRICT_OBJC_MSGSEND = YES;
				GCC_C_LANGUAGE_STANDARD = gnu11;
				GCC_NO_COMMON_BLOCKS = YES;
				GCC_WARN_64_TO_32_BIT_CONVERSION = YES;
				GCC_WARN_ABOUT_RETURN_TYPE = YES_ERROR;
				GCC_WARN_UNDECLARED_SELECTOR = YES;
				GCC_WARN_UNINITIALIZED_AUTOS = YES_AGGRESSIVE;
				GCC_WARN_UNUSED_FUNCTION = YES;
				GCC_WARN_UNUSED_VARIABLE = YES;
				MACOSX_DEPLOYMENT_TARGET = 10.14;
				MTL_ENABLE_DEBUG_INFO = NO;
				MTL_FAST_MATH = YES;
				SDKROOT = macosx;
				SWIFT_COMPILATION_MODE = wholemodule;
				SWIFT_OPTIMIZATION_LEVEL = "-O";
			};
			name = Release;
		};
		17BA1DF7219056AA00E644E0 /* Debug */ = {
			isa = XCBuildConfiguration;
			baseConfigurationReference = A53E13A4D83DFC98E483C379 /* Pods-JsonToModel.debug.xcconfig */;
			buildSettings = {
				ASSETCATALOG_COMPILER_APPICON_NAME = AppIcon;
				CODE_SIGN_ENTITLEMENTS = JsonToModel/Supporting/JsonToModel.entitlements;
				CODE_SIGN_IDENTITY = "Mac Developer";
				CODE_SIGN_STYLE = Automatic;
				COMBINE_HIDPI_IMAGES = YES;
				DEVELOPMENT_TEAM = M6V2TEWG9F;
				INFOPLIST_FILE = JsonToModel/Supporting/Info.plist;
				LD_RUNPATH_SEARCH_PATHS = (
					"$(inherited)",
					"@executable_path/../Frameworks",
				);
				MACOSX_DEPLOYMENT_TARGET = 10.13;
				MARKETING_VERSION = 1.1;
				PRODUCT_BUNDLE_IDENTIFIER = com.chanonly123.JsonToModel;
				PRODUCT_NAME = "$(TARGET_NAME)";
				PROVISIONING_PROFILE_SPECIFIER = "";
				SWIFT_VERSION = 4.0;
			};
			name = Debug;
		};
		17BA1DF8219056AA00E644E0 /* Release */ = {
			isa = XCBuildConfiguration;
			baseConfigurationReference = 2AA5C53F61C6B921DC59F4AF /* Pods-JsonToModel.release.xcconfig */;
			buildSettings = {
				ASSETCATALOG_COMPILER_APPICON_NAME = AppIcon;
				CODE_SIGN_ENTITLEMENTS = JsonToModel/Supporting/JsonToModel.entitlements;
				CODE_SIGN_IDENTITY = "Mac Developer";
				CODE_SIGN_STYLE = Automatic;
				COMBINE_HIDPI_IMAGES = YES;
				DEVELOPMENT_TEAM = M6V2TEWG9F;
				INFOPLIST_FILE = JsonToModel/Supporting/Info.plist;
				LD_RUNPATH_SEARCH_PATHS = (
					"$(inherited)",
					"@executable_path/../Frameworks",
				);
				MACOSX_DEPLOYMENT_TARGET = 10.13;
				MARKETING_VERSION = 1.1;
				PRODUCT_BUNDLE_IDENTIFIER = com.chanonly123.JsonToModel;
				PRODUCT_NAME = "$(TARGET_NAME)";
				PROVISIONING_PROFILE_SPECIFIER = "";
				SWIFT_VERSION = 4.0;
			};
			name = Release;
		};
/* End XCBuildConfiguration section */

/* Begin XCConfigurationList section */
		17BA1DE1219056A800E644E0 /* Build configuration list for PBXProject "JsonToModel" */ = {
			isa = XCConfigurationList;
			buildConfigurations = (
				17BA1DF4219056AA00E644E0 /* Debug */,
				17BA1DF5219056AA00E644E0 /* Release */,
			);
			defaultConfigurationIsVisible = 0;
			defaultConfigurationName = Release;
		};
		17BA1DF6219056AA00E644E0 /* Build configuration list for PBXNativeTarget "JsonToModel" */ = {
			isa = XCConfigurationList;
			buildConfigurations = (
				17BA1DF7219056AA00E644E0 /* Debug */,
				17BA1DF8219056AA00E644E0 /* Release */,
			);
			defaultConfigurationIsVisible = 0;
			defaultConfigurationName = Release;
		};
/* End XCConfigurationList section */
	};
	rootObject = 17BA1DDE219056A800E644E0 /* Project object */;
}
